
Microsoft Visual Studio Solution File, Format Version 12.00
# Visual Studio Version 16
VisualStudioVersion = 16.0.30011.22
MinimumVisualStudioVersion = 10.0.40219.1
Project("{9A19103F-16F7-4668-BE54-9A1E7A4F7556}") = "Telfair_Backoffice", "Telfair_Backoffice\Telfair_Backoffice.csproj", "{30986D26-53C7-4901-8B33-097340883BF2}"
EndProject
Project("{2150E333-8FDC-42A3-9474-1A3956D46DE8}") = "SAIM.Core", "SAIM.Core", "{D686405D-3A37-410A-8F5D-57FBC1100EED}"
EndProject
Project("{9A19103F-16F7-4668-BE54-9A1E7A4F7556}") = "SAIM.Core", "..\..\..\..\SAIM.Core\trunk\SAIM.Core\SAIM.Core.csproj", "{447E3113-610E-47EE-A707-B6C7088781E7}"
EndProject
Project("{9A19103F-16F7-4668-BE54-9A1E7A4F7556}") = "SAIM.Core.BusinessObjects", "..\..\..\..\SAIM.Core\trunk\SAIM.Core.BusinessObjects\SAIM.Core.BusinessObjects.csproj", "{21351D16-7E16-4E53-9675-6698AD599E1B}"
EndProject
Project("{FAE04EC0-301F-11D3-BF4B-00C04F79EFBC}") = "SAIM.Core.Common", "..\..\..\..\SAIM.Core\trunk\SAIM.Core.Common\SAIM.Core.Common.csproj", "{EAF23F4F-0C37-4A54-BC68-75742BE79370}"
EndProject
Project("{9A19103F-16F7-4668-BE54-9A1E7A4F7556}") = "SAIM.Core.Utilities", "..\..\..\..\SAIM.Core\trunk\SAIM.Core.Utilities\SAIM.Core.Utilities.csproj", "{FB429038-B597-4A71-AFD6-F891E4820D97}"
EndProject
Global
	GlobalSection(SolutionConfigurationPlatforms) = preSolution
		Debug|Any CPU = Debug|Any CPU
		Release|Any CPU = Release|Any CPU
	EndGlobalSection
	GlobalSection(ProjectConfigurationPlatforms) = postSolution
		{30986D26-53C7-4901-8B33-097340883BF2}.Debug|Any CPU.ActiveCfg = Debug|Any CPU
		{30986D26-53C7-4901-8B33-097340883BF2}.Debug|Any CPU.Build.0 = Debug|Any CPU
		{30986D26-53C7-4901-8B33-097340883BF2}.Release|Any CPU.ActiveCfg = Release|Any CPU
		{30986D26-53C7-4901-8B33-097340883BF2}.Release|Any CPU.Build.0 = Release|Any CPU
		{447E3113-610E-47EE-A707-B6C7088781E7}.Debug|Any CPU.ActiveCfg = Debug|Any CPU
		{447E3113-610E-47EE-A707-B6C7088781E7}.Debug|Any CPU.Build.0 = Debug|Any CPU
		{447E3113-610E-47EE-A707-B6C7088781E7}.Release|Any CPU.ActiveCfg = Release|Any CPU
		{447E3113-610E-47EE-A707-B6C7088781E7}.Release|Any CPU.Build.0 = Release|Any CPU
		{21351D16-7E16-4E53-9675-6698AD599E1B}.Debug|Any CPU.ActiveCfg = Debug|Any CPU
		{21351D16-7E16-4E53-9675-6698AD599E1B}.Debug|Any CPU.Build.0 = Debug|Any CPU
		{21351D16-7E16-4E53-9675-6698AD599E1B}.Release|Any CPU.ActiveCfg = Release|Any CPU
		{21351D16-7E16-4E53-9675-6698AD599E1B}.Release|Any CPU.Build.0 = Release|Any CPU
		{EAF23F4F-0C37-4A54-BC68-75742BE79370}.Debug|Any CPU.ActiveCfg = Debug|Any CPU
		{EAF23F4F-0C37-4A54-BC68-75742BE79370}.Debug|Any CPU.Build.0 = Debug|Any CPU
		{EAF23F4F-0C37-4A54-BC68-75742BE79370}.Release|Any CPU.ActiveCfg = Release|Any CPU
		{EAF23F4F-0C37-4A54-BC68-75742BE79370}.Release|Any CPU.Build.0 = Release|Any CPU
		{FB429038-B597-4A71-AFD6-F891E4820D97}.Debug|Any CPU.ActiveCfg = Debug|Any CPU
		{FB429038-B597-4A71-AFD6-F891E4820D97}.Debug|Any CPU.Build.0 = Debug|Any CPU
		{FB429038-B597-4A71-AFD6-F891E4820D97}.Release|Any CPU.ActiveCfg = Release|Any CPU
		{FB429038-B597-4A71-AFD6-F891E4820D97}.Release|Any CPU.Build.0 = Release|Any CPU
	EndGlobalSection
	GlobalSection(SolutionProperties) = preSolution
		HideSolutionNode = FALSE
	EndGlobalSection
	GlobalSection(NestedProjects) = preSolution
		{447E3113-610E-47EE-A707-B6C7088781E7} = {D686405D-3A37-410A-8F5D-57FBC1100EED}
		{21351D16-7E16-4E53-9675-6698AD599E1B} = {D686405D-3A37-410A-8F5D-57FBC1100EED}
		{EAF23F4F-0C37-4A54-BC68-75742BE79370} = {D686405D-3A37-410A-8F5D-57FBC1100EED}
		{FB429038-B597-4A71-AFD6-F891E4820D97} = {D686405D-3A37-410A-8F5D-57FBC1100EED}
	EndGlobalSection
	GlobalSection(ExtensibilityGlobals) = postSolution
		SolutionGuid = {182A87E8-EA80-4D94-8391-D487915F36A1}
	EndGlobalSection
EndGlobal
